Microsoft Visual Studio Solution File, Format Version 12.00
# Visual Studio 15
VisualStudioVersion = 15.0.27130.2027
MinimumVisualStudioVersion = 15.0.26124.0
Project("{9A19103F-16F7-4668-BE54-9A1E7A4F7556}") = "LibAcc.Server", "LibAcc.Server\LibAcc.Server.csproj", "{CE23C3C6-B831-4632-8352-90E064B64E84}"
EndProject
Project("{9A19103F-16F7-4668-BE54-9A1E7A4F7556}") = "LibAcc.Client", "LibAcc.Client\LibAcc.Client.csproj", "{F0AEB8B6-6491-4290-BCBA-F06DA655F4F5}"
EndProject
Project("{FAE04EC0-301F-11D3-BF4B-00C04F79EFBC}") = "LibAcc.Abstractions", "LibAcc.Abstractions\LibAcc.Abstractions.csproj", "{BE8421A2-FC0E-4E64-84BD-A1D931998D63}"
EndProject
Global
	GlobalSection(SolutionConfigurationPlatforms) = preSolution
		Debug|Any CPU = Debug|Any CPU
		Debug|x64 = Debug|x64
		Debug|x86 = Debug|x86
		Release|Any CPU = Release|Any CPU
		Release|x64 = Release|x64
		Release|x86 = Release|x86
	EndGlobalSection
	GlobalSection(ProjectConfigurationPlatforms) = postSolution
		{CE23C3C6-B831-4632-8352-90E064B64E84}.Debug|Any CPU.ActiveCfg = Debug|Any CPU
		{CE23C3C6-B831-4632-8352-90E064B64E84}.Debug|Any CPU.Build.0 = Debug|Any CPU
		{CE23C3C6-B831-4632-8352-90E064B64E84}.Debug|x64.ActiveCfg = Debug|Any CPU
		{CE23C3C6-B831-4632-8352-90E064B64E84}.Debug|x64.Build.0 = Debug|Any CPU
		{CE23C3C6-B831-4632-8352-90E064B64E84}.Debug|x86.ActiveCfg = Debug|Any CPU
		{CE23C3C6-B831-4632-8352-90E064B64E84}.Debug|x86.Build.0 = Debug|Any CPU
		{CE23C3C6-B831-4632-8352-90E064B64E84}.Release|Any CPU.ActiveCfg = Release|Any CPU
		{CE23C3C6-B831-4632-8352-90E064B64E84}.Release|Any CPU.Build.0 = Release|Any CPU
		{CE23C3C6-B831-4632-8352-90E064B64E84}.Release|x64.ActiveCfg = Release|Any CPU
		{CE23C3C6-B831-4632-8352-90E064B64E84}.Release|x64.Build.0 = Release|Any CPU
		{CE23C3C6-B831-4632-8352-90E064B64E84}.Release|x86.ActiveCfg = Release|Any CPU
		{CE23C3C6-B831-4632-8352-90E064B64E84}.Release|x86.Build.0 = Release|Any CPU
		{F0AEB8B6-6491-4290-BCBA-F06DA655F4F5}.Debug|Any CPU.ActiveCfg = Debug|Any CPU
		{F0AEB8B6-6491-4290-BCBA-F06DA655F4F5}.Debug|Any CPU.Build.0 = Debug|Any CPU
		{F0AEB8B6-6491-4290-BCBA-F06DA655F4F5}.Debug|x64.ActiveCfg = Debug|Any CPU
		{F0AEB8B6-6491-4290-BCBA-F06DA655F4F5}.Debug|x64.Build.0 = Debug|Any CPU
		{F0AEB8B6-6491-4290-BCBA-F06DA655F4F5}.Debug|x86.ActiveCfg = Debug|Any CPU
		{F0AEB8B6-6491-4290-BCBA-F06DA655F4F5}.Debug|x86.Build.0 = Debug|Any CPU
		{F0AEB8B6-6491-4290-BCBA-F06DA655F4F5}.Release|Any CPU.ActiveCfg = Release|Any CPU
		{F0AEB8B6-6491-4290-BCBA-F06DA655F4F5}.Release|Any CPU.Build.0 = Release|Any CPU
		{F0AEB8B6-6491-4290-BCBA-F06DA655F4F5}.Release|x64.ActiveCfg = Release|Any CPU
		{F0AEB8B6-6491-4290-BCBA-F06DA655F4F5}.Release|x64.Build.0 = Release|Any CPU
		{F0AEB8B6-6491-4290-BCBA-F06DA655F4F5}.Release|x86.ActiveCfg = Release|Any CPU
		{F0AEB8B6-6491-4290-BCBA-F06DA655F4F5}.Release|x86.Build.0 = Release|Any CPU
		{BE8421A2-FC0E-4E64-84BD-A1D931998D63}.Debug|Any CPU.ActiveCfg = Debug|Any CPU
		{BE8421A2-FC0E-4E64-84BD-A1D931998D63}.Debug|Any CPU.Build.0 = Debug|Any CPU
		{BE8421A2-FC0E-4E64-84BD-A1D931998D63}.Debug|x64.ActiveCfg = Debug|Any CPU
		{BE8421A2-FC0E-4E64-84BD-A1D931998D63}.Debug|x64.Build.0 = Debug|Any CPU
		{BE8421A2-FC0E-4E64-84BD-A1D931998D63}.Debug|x86.ActiveCfg = Debug|Any CPU
		{BE8421A2-FC0E-4E64-84BD-A1D931998D63}.Debug|x86.Build.0 = Debug|Any CPU
		{BE8421A2-FC0E-4E64-84BD-A1D931998D63}.Release|Any CPU.ActiveCfg = Release|Any CPU
		{BE8421A2-FC0E-4E64-84BD-A1D931998D63}.Release|Any CPU.Build.0 = Release|Any CPU
		{BE8421A2-FC0E-4E64-84BD-A1D931998D63}.Release|x64.ActiveCfg = Release|Any CPU
		{BE8421A2-FC0E-4E64-84BD-A1D931998D63}.Release|x64.Build.0 = Release|Any CPU
		{BE8421A2-FC0E-4E64-84BD-A1D931998D63}.Release|x86.ActiveCfg = Release|Any CPU
		{BE8421A2-FC0E-4E64-84BD-A1D931998D63}.Release|x86.Build.0 = Release|Any CPU
	EndGlobalSection
	GlobalSection(SolutionProperties) = preSolution
		HideSolutionNode = FALSE
	EndGlobalSection
	GlobalSection(ExtensibilityGlobals) = postSolution
		SolutionGuid = {BA155177-A6C8-4D52-9C1E-CF010642818F}
	EndGlobalSection
EndGlobal
